
Microsoft Visual Studio Solution File, Format Version 12.00
# Visual Studio Version 16
VisualStudioVersion = 16.0.30002.166
MinimumVisualStudioVersion = 10.0.40219.1
Project("{FAE04EC0-301F-11D3-BF4B-00C04F79EFBC}") = "CarRacing", "CarRacing\CarRacing.csproj", "{75A12199-206B-4D2C-A0CE-29F0C2D3F22F}"
EndProject
Global
	GlobalSection(SolutionConfigurationPlatforms) = preSolution
		Debug|Any CPU = Debug|Any CPU
		Release|Any CPU = Release|Any CPU
	EndGlobalSection
	GlobalSection(ProjectConfigurationPlatforms) = postSolution
		{75A12199-206B-4D2C-A0CE-29F0C2D3F22F}.Debug|Any CPU.ActiveCfg = Debug|Any CPU
		{75A12199-206B-4D2C-A0CE-29F0C2D3F22F}.Debug|Any CPU.Build.0 = Debug|Any CPU
		{75A12199-206B-4D2C-A0CE-29F0C2D3F22F}.Release|Any CPU.ActiveCfg = Release|Any CPU
		{75A12199-206B-4D2C-A0CE-29F0C2D3F22F}.Release|Any CPU.Build.0 = Release|Any CPU
	EndGlobalSection
	GlobalSection(SolutionProperties) = preSolution
		HideSolutionNode = FALSE
	EndGlobalSection
	GlobalSection(ExtensibilityGlobals) = postSolution
		SolutionGuid = {9CADE190-8EC3-4618-B347-B3F680B6263E}
	EndGlobalSection
EndGlobal
